
Microsoft Visual Studio Solution File, Format Version 12.00
# Visual Studio Version 17
VisualStudioVersion = 17.4.33122.133
MinimumVisualStudioVersion = 10.0.40219.1
Project("{FAE04EC0-301F-11D3-BF4B-00C04F79EFBC}") = "NZWalks.API", "NZWalks.API\NZWalks.API.csproj", "{18CF0762-77EB-4F89-8875-B18B26051510}"
EndProject
Global
	GlobalSection(SolutionConfigurationPlatforms) = preSolution
		Debug|Any CPU = Debug|Any CPU
		Release|Any CPU = Release|Any CPU
	EndGlobalSection
	GlobalSection(ProjectConfigurationPlatforms) = postSolution
		{18CF0762-77EB-4F89-8875-B18B26051510}.Debug|Any CPU.ActiveCfg = Debug|Any CPU
		{18CF0762-77EB-4F89-8875-B18B26051510}.Debug|Any CPU.Build.0 = Debug|Any CPU
		{18CF0762-77EB-4F89-8875-B18B26051510}.Release|Any CPU.ActiveCfg = Release|Any CPU
		{18CF0762-77EB-4F89-8875-B18B26051510}.Release|Any CPU.Build.0 = Release|Any CPU
	EndGlobalSection
	GlobalSection(SolutionProperties) = preSolution
		HideSolutionNode = FALSE
	EndGlobalSection
	GlobalSection(ExtensibilityGlobals) = postSolution
		SolutionGuid = {F4B415D4-72C6-4859-81F4-C067DBC27729}
	EndGlobalSection
EndGlobal
